
Microsoft Visual Studio Solution File, Format Version 12.00
# Visual Studio 14
VisualStudioVersion = 14.0.25420.1
MinimumVisualStudioVersion = 10.0.40219.1
Project("{FAE04EC0-301F-11D3-BF4B-00C04F79EFBC}") = "Ajax", "Ajax\Ajax.csproj", "{FF735421-C80C-4623-BA36-4EC1BCC5ACF8}"
EndProject
Project("{FAE04EC0-301F-11D3-BF4B-00C04F79EFBC}") = "BLL", "BLL\BLL.csproj", "{509E8254-50E2-4B79-B148-809B51C87489}"
EndProject
Project("{FAE04EC0-301F-11D3-BF4B-00C04F79EFBC}") = "DBTools", "DBTools\DBTools.csproj", "{F2AB7F8C-CEA9-4196-B283-19BCD5E81B57}"
EndProject
Project("{FAE04EC0-301F-11D3-BF4B-00C04F79EFBC}") = "DAL", "DAL\DAL.csproj", "{F08CED5E-00B5-4508-BA65-39137ECEAF19}"
EndProject
Project("{FAE04EC0-301F-11D3-BF4B-00C04F79EFBC}") = "Common", "Common\Common.csproj", "{EC06AE7D-9D14-410E-8A15-0ED8EC4112CE}"
EndProject
Project("{FAE04EC0-301F-11D3-BF4B-00C04F79EFBC}") = "Manage", "Manage\Manage.csproj", "{85604B56-6EA3-4217-946C-0A0DEBCE0CF8}"
EndProject
Project("{FAE04EC0-301F-11D3-BF4B-00C04F79EFBC}") = "Web", "Web\Web.csproj", "{FA40A86C-1D59-4FF2-96E6-1DA2A4AD4E68}"
EndProject
Project("{FAE04EC0-301F-11D3-BF4B-00C04F79EFBC}") = "Model", "Model\Model.csproj", "{577B9B4B-BB31-46EA-AE73-E7E34AAAF16A}"
EndProject
Project("{FAE04EC0-301F-11D3-BF4B-00C04F79EFBC}") = "cn.jpush.api", "cn.jpush.api\cn.jpush.api.csproj", "{E281D457-F259-4F0B-8608-16C81D8AE97B}"
EndProject
Project("{FAE04EC0-301F-11D3-BF4B-00C04F79EFBC}") = "BPage", "BPage\BPage.csproj", "{0F469D80-3BFE-4745-9434-9FBB04DD8D8B}"
EndProject
Project("{E24C65DC-7377-472B-9ABA-BC803B73C61A}") = "快工场", "..\..\APICloud\workspace\快工场\", "{5CA3B7CE-43DB-4D31-AEED-17E316D00F2C}"
	ProjectSection(WebsiteProperties) = preProject
		TargetFrameworkMoniker = ".NETFramework,Version%3Dv4.0"
		Debug.AspNetCompiler.VirtualPath = "/localhost_9451"
		Debug.AspNetCompiler.PhysicalPath = "..\..\APICloud\workspace\快工场\"
		Debug.AspNetCompiler.TargetPath = "PrecompiledWeb\localhost_9451\"
		Debug.AspNetCompiler.Updateable = "true"
		Debug.AspNetCompiler.ForceOverwrite = "true"
		Debug.AspNetCompiler.FixedNames = "false"
		Debug.AspNetCompiler.Debug = "True"
		Release.AspNetCompiler.VirtualPath = "/localhost_9451"
		Release.AspNetCompiler.PhysicalPath = "..\..\APICloud\workspace\快工场\"
		Release.AspNetCompiler.TargetPath = "PrecompiledWeb\localhost_9451\"
		Release.AspNetCompiler.Updateable = "true"
		Release.AspNetCompiler.ForceOverwrite = "true"
		Release.AspNetCompiler.FixedNames = "false"
		Release.AspNetCompiler.Debug = "False"
		VWDPort = "9451"
		SlnRelativePath = "..\..\APICloud\workspace\快工场\"
	EndProjectSection
EndProject
Project("{E24C65DC-7377-472B-9ABA-BC803B73C61A}") = "PubUI", "http://localhost:98/PubUI", "{BC6F0EF0-6F54-4368-99EE-3275FFF73AD4}"
	ProjectSection(WebsiteProperties) = preProject
		UseIISExpress = "false"
		TargetFrameworkMoniker = ".NETFramework,Version%3Dv4.5.1"
		Debug.AspNetCompiler.VirtualPath = "/PubUI"
		Debug.AspNetCompiler.PhysicalPath = "PubUI\"
		Debug.AspNetCompiler.TargetPath = "PrecompiledWeb\PubUI\"
		Debug.AspNetCompiler.Updateable = "true"
		Debug.AspNetCompiler.ForceOverwrite = "true"
		Debug.AspNetCompiler.FixedNames = "false"
		Debug.AspNetCompiler.Debug = "True"
		Release.AspNetCompiler.VirtualPath = "/PubUI"
		Release.AspNetCompiler.PhysicalPath = "PubUI\"
		Release.AspNetCompiler.TargetPath = "PrecompiledWeb\PubUI\"
		Release.AspNetCompiler.Updateable = "true"
		Release.AspNetCompiler.ForceOverwrite = "true"
		Release.AspNetCompiler.FixedNames = "false"
		Release.AspNetCompiler.Debug = "False"
		SlnRelativePath = "PubUI\"
	EndProjectSection
EndProject
Project("{2150E333-8FDC-42A3-9474-1A3956D46DE8}") = "不常用", "不常用", "{303FF7C9-8C33-4599-8EE8-1AC2120FAE0B}"
EndProject
Project("{FAE04EC0-301F-11D3-BF4B-00C04F79EFBC}") = "任务计划", "任务计划\任务计划.csproj", "{443A874B-F9E2-4CB0-8843-88F3DDD03140}"
EndProject
Project("{6141683F-8A12-4E36-9623-2EB02B2C2303}") = "Setup1", "Setup1\Setup1.isproj", "{CE8A0220-393B-4F29-BE8D-594A1D330605}"
EndProject
Project("{9092AA53-FB77-4645-B42D-1CCCA6BD08BD}") = "NodejsWebApp1", "NodejsWebApp1\NodejsWebApp1.njsproj", "{D1B60FC4-CEAA-48B1-9E30-DCBD35DCB09D}"
EndProject
Project("{FAE04EC0-301F-11D3-BF4B-00C04F79EFBC}") = "MongoDB.Bson", "mongo-csharp-driver-master\src\MongoDB.Bson\MongoDB.Bson.csproj", "{0E9A3A2A-49CD-4F6C-847C-DC79B4B65CE6}"
EndProject
Project("{FAE04EC0-301F-11D3-BF4B-00C04F79EFBC}") = "MongoDB.Driver", "mongo-csharp-driver-master\src\MongoDB.Driver\MongoDB.Driver.csproj", "{AE5166CD-76B0-4911-BD80-CED9521F37A1}"
EndProject
Project("{FAE04EC0-301F-11D3-BF4B-00C04F79EFBC}") = "MongoDB.Driver.Core", "mongo-csharp-driver-master\src\MongoDB.Driver.Core\MongoDB.Driver.Core.csproj", "{DA56482A-5D8F-41E0-85E6-1F22B310F91B}"
EndProject
Global
	GlobalSection(SolutionConfigurationPlatforms) = preSolution
		33|Any CPU = 33|Any CPU
		CD_ROM|Any CPU = CD_ROM|Any CPU
		Debug|Any CPU = Debug|Any CPU
		DVD-5|Any CPU = DVD-5|Any CPU
		Release|Any CPU = Release|Any CPU
		SingleImage|Any CPU = SingleImage|Any CPU
	EndGlobalSection
	GlobalSection(ProjectConfigurationPlatforms) = postSolution
		{FF735421-C80C-4623-BA36-4EC1BCC5ACF8}.33|Any CPU.ActiveCfg = Release|Any CPU
		{FF735421-C80C-4623-BA36-4EC1BCC5ACF8}.33|Any CPU.Build.0 = Release|Any CPU
		{FF735421-C80C-4623-BA36-4EC1BCC5ACF8}.CD_ROM|Any CPU.ActiveCfg = Debug|Any CPU
		{FF735421-C80C-4623-BA36-4EC1BCC5ACF8}.CD_ROM|Any CPU.Build.0 = Debug|Any CPU
		{FF735421-C80C-4623-BA36-4EC1BCC5ACF8}.Debug|Any CPU.ActiveCfg = Debug|Any CPU
		{FF735421-C80C-4623-BA36-4EC1BCC5ACF8}.Debug|Any CPU.Build.0 = Debug|Any CPU
		{FF735421-C80C-4623-BA36-4EC1BCC5ACF8}.DVD-5|Any CPU.ActiveCfg = Debug|Any CPU
		{FF735421-C80C-4623-BA36-4EC1BCC5ACF8}.DVD-5|Any CPU.Build.0 = Debug|Any CPU
		{FF735421-C80C-4623-BA36-4EC1BCC5ACF8}.Release|Any CPU.ActiveCfg = Release|Any CPU
		{FF735421-C80C-4623-BA36-4EC1BCC5ACF8}.Release|Any CPU.Build.0 = Release|Any CPU
		{FF735421-C80C-4623-BA36-4EC1BCC5ACF8}.SingleImage|Any CPU.ActiveCfg = Debug|Any CPU
		{FF735421-C80C-4623-BA36-4EC1BCC5ACF8}.SingleImage|Any CPU.Build.0 = Debug|Any CPU
		{509E8254-50E2-4B79-B148-809B51C87489}.33|Any CPU.ActiveCfg = 33|Any CPU
		{509E8254-50E2-4B79-B148-809B51C87489}.33|Any CPU.Build.0 = 33|Any CPU
		{509E8254-50E2-4B79-B148-809B51C87489}.CD_ROM|Any CPU.ActiveCfg = Release|Any CPU
		{509E8254-50E2-4B79-B148-809B51C87489}.CD_ROM|Any CPU.Build.0 = Release|Any CPU
		{509E8254-50E2-4B79-B148-809B51C87489}.Debug|Any CPU.ActiveCfg = Debug|Any CPU
		{509E8254-50E2-4B79-B148-809B51C87489}.Debug|Any CPU.Build.0 = Debug|Any CPU
		{509E8254-50E2-4B79-B148-809B51C87489}.DVD-5|Any CPU.ActiveCfg = Debug|Any CPU
		{509E8254-50E2-4B79-B148-809B51C87489}.DVD-5|Any CPU.Build.0 = Debug|Any CPU
		{509E8254-50E2-4B79-B148-809B51C87489}.Release|Any CPU.ActiveCfg = Release|Any CPU
		{509E8254-50E2-4B79-B148-809B51C87489}.Release|Any CPU.Build.0 = Release|Any CPU
		{509E8254-50E2-4B79-B148-809B51C87489}.SingleImage|Any CPU.ActiveCfg = Release|Any CPU
		{509E8254-50E2-4B79-B148-809B51C87489}.SingleImage|Any CPU.Build.0 = Release|Any CPU
		{F2AB7F8C-CEA9-4196-B283-19BCD5E81B57}.33|Any CPU.ActiveCfg = Release|Any CPU
		{F2AB7F8C-CEA9-4196-B283-19BCD5E81B57}.33|Any CPU.Build.0 = Release|Any CPU
		{F2AB7F8C-CEA9-4196-B283-19BCD5E81B57}.CD_ROM|Any CPU.ActiveCfg = Debug|Any CPU
		{F2AB7F8C-CEA9-4196-B283-19BCD5E81B57}.CD_ROM|Any CPU.Build.0 = Debug|Any CPU
		{F2AB7F8C-CEA9-4196-B283-19BCD5E81B57}.Debug|Any CPU.ActiveCfg = Debug|Any CPU
		{F2AB7F8C-CEA9-4196-B283-19BCD5E81B57}.Debug|Any CPU.Build.0 = Debug|Any CPU
		{F2AB7F8C-CEA9-4196-B283-19BCD5E81B57}.DVD-5|Any CPU.ActiveCfg = Debug|Any CPU
		{F2AB7F8C-CEA9-4196-B283-19BCD5E81B57}.DVD-5|Any CPU.Build.0 = Debug|Any CPU
		{F2AB7F8C-CEA9-4196-B283-19BCD5E81B57}.Release|Any CPU.ActiveCfg = Release|Any CPU
		{F2AB7F8C-CEA9-4196-B283-19BCD5E81B57}.Release|Any CPU.Build.0 = Release|Any CPU
		{F2AB7F8C-CEA9-4196-B283-19BCD5E81B57}.SingleImage|Any CPU.ActiveCfg = Debug|Any CPU
		{F2AB7F8C-CEA9-4196-B283-19BCD5E81B57}.SingleImage|Any CPU.Build.0 = Debug|Any CPU
		{F08CED5E-00B5-4508-BA65-39137ECEAF19}.33|Any CPU.ActiveCfg = Release|Any CPU
		{F08CED5E-00B5-4508-BA65-39137ECEAF19}.33|Any CPU.Build.0 = Release|Any CPU
		{F08CED5E-00B5-4508-BA65-39137ECEAF19}.CD_ROM|Any CPU.ActiveCfg = Debug|Any CPU
		{F08CED5E-00B5-4508-BA65-39137ECEAF19}.CD_ROM|Any CPU.Build.0 = Debug|Any CPU
		{F08CED5E-00B5-4508-BA65-39137ECEAF19}.Debug|Any CPU.ActiveCfg = Debug|Any CPU
		{F08CED5E-00B5-4508-BA65-39137ECEAF19}.Debug|Any CPU.Build.0 = Debug|Any CPU
		{F08CED5E-00B5-4508-BA65-39137ECEAF19}.DVD-5|Any CPU.ActiveCfg = Debug|Any CPU
		{F08CED5E-00B5-4508-BA65-39137ECEAF19}.DVD-5|Any CPU.Build.0 = Debug|Any CPU
		{F08CED5E-00B5-4508-BA65-39137ECEAF19}.Release|Any CPU.ActiveCfg = Release|Any CPU
		{F08CED5E-00B5-4508-BA65-39137ECEAF19}.Release|Any CPU.Build.0 = Release|Any CPU
		{F08CED5E-00B5-4508-BA65-39137ECEAF19}.SingleImage|Any CPU.ActiveCfg = Debug|Any CPU
		{F08CED5E-00B5-4508-BA65-39137ECEAF19}.SingleImage|Any CPU.Build.0 = Debug|Any CPU
		{EC06AE7D-9D14-410E-8A15-0ED8EC4112CE}.33|Any CPU.ActiveCfg = Release|Any CPU
		{EC06AE7D-9D14-410E-8A15-0ED8EC4112CE}.33|Any CPU.Build.0 = Release|Any CPU
		{EC06AE7D-9D14-410E-8A15-0ED8EC4112CE}.CD_ROM|Any CPU.ActiveCfg = Debug|Any CPU
		{EC06AE7D-9D14-410E-8A15-0ED8EC4112CE}.CD_ROM|Any CPU.Build.0 = Debug|Any CPU
		{EC06AE7D-9D14-410E-8A15-0ED8EC4112CE}.Debug|Any CPU.ActiveCfg = Debug|Any CPU
		{EC06AE7D-9D14-410E-8A15-0ED8EC4112CE}.Debug|Any CPU.Build.0 = Debug|Any CPU
		{EC06AE7D-9D14-410E-8A15-0ED8EC4112CE}.DVD-5|Any CPU.ActiveCfg = Debug|Any CPU
		{EC06AE7D-9D14-410E-8A15-0ED8EC4112CE}.DVD-5|Any CPU.Build.0 = Debug|Any CPU
		{EC06AE7D-9D14-410E-8A15-0ED8EC4112CE}.Release|Any CPU.ActiveCfg = Release|Any CPU
		{EC06AE7D-9D14-410E-8A15-0ED8EC4112CE}.Release|Any CPU.Build.0 = Release|Any CPU
		{EC06AE7D-9D14-410E-8A15-0ED8EC4112CE}.SingleImage|Any CPU.ActiveCfg = Debug|Any CPU
		{EC06AE7D-9D14-410E-8A15-0ED8EC4112CE}.SingleImage|Any CPU.Build.0 = Debug|Any CPU
		{85604B56-6EA3-4217-946C-0A0DEBCE0CF8}.33|Any CPU.ActiveCfg = Release|Any CPU
		{85604B56-6EA3-4217-946C-0A0DEBCE0CF8}.33|Any CPU.Build.0 = Release|Any CPU
		{85604B56-6EA3-4217-946C-0A0DEBCE0CF8}.CD_ROM|Any CPU.ActiveCfg = Debug|Any CPU
		{85604B56-6EA3-4217-946C-0A0DEBCE0CF8}.CD_ROM|Any CPU.Build.0 = Debug|Any CPU
		{85604B56-6EA3-4217-946C-0A0DEBCE0CF8}.Debug|Any CPU.ActiveCfg = Debug|Any CPU
		{85604B56-6EA3-4217-946C-0A0DEBCE0CF8}.Debug|Any CPU.Build.0 = Debug|Any CPU
		{85604B56-6EA3-4217-946C-0A0DEBCE0CF8}.DVD-5|Any CPU.ActiveCfg = Debug|Any CPU
		{85604B56-6EA3-4217-946C-0A0DEBCE0CF8}.DVD-5|Any CPU.Build.0 = Debug|Any CPU
		{85604B56-6EA3-4217-946C-0A0DEBCE0CF8}.Release|Any CPU.ActiveCfg = Release|Any CPU
		{85604B56-6EA3-4217-946C-0A0DEBCE0CF8}.Release|Any CPU.Build.0 = Release|Any CPU
		{85604B56-6EA3-4217-946C-0A0DEBCE0CF8}.SingleImage|Any CPU.ActiveCfg = Debug|Any CPU
		{85604B56-6EA3-4217-946C-0A0DEBCE0CF8}.SingleImage|Any CPU.Build.0 = Debug|Any CPU
		{FA40A86C-1D59-4FF2-96E6-1DA2A4AD4E68}.33|Any CPU.ActiveCfg = Release|Any CPU
		{FA40A86C-1D59-4FF2-96E6-1DA2A4AD4E68}.33|Any CPU.Build.0 = Release|Any CPU
		{FA40A86C-1D59-4FF2-96E6-1DA2A4AD4E68}.CD_ROM|Any CPU.ActiveCfg = Debug|Any CPU
		{FA40A86C-1D59-4FF2-96E6-1DA2A4AD4E68}.CD_ROM|Any CPU.Build.0 = Debug|Any CPU
		{FA40A86C-1D59-4FF2-96E6-1DA2A4AD4E68}.Debug|Any CPU.ActiveCfg = Debug|Any CPU
		{FA40A86C-1D59-4FF2-96E6-1DA2A4AD4E68}.Debug|Any CPU.Build.0 = Debug|Any CPU
		{FA40A86C-1D59-4FF2-96E6-1DA2A4AD4E68}.DVD-5|Any CPU.ActiveCfg = Debug|Any CPU
		{FA40A86C-1D59-4FF2-96E6-1DA2A4AD4E68}.DVD-5|Any CPU.Build.0 = Debug|Any CPU
		{FA40A86C-1D59-4FF2-96E6-1DA2A4AD4E68}.Release|Any CPU.ActiveCfg = Release|Any CPU
		{FA40A86C-1D59-4FF2-96E6-1DA2A4AD4E68}.Release|Any CPU.Build.0 = Release|Any CPU
		{FA40A86C-1D59-4FF2-96E6-1DA2A4AD4E68}.SingleImage|Any CPU.ActiveCfg = Debug|Any CPU
		{FA40A86C-1D59-4FF2-96E6-1DA2A4AD4E68}.SingleImage|Any CPU.Build.0 = Debug|Any CPU
		{577B9B4B-BB31-46EA-AE73-E7E34AAAF16A}.33|Any CPU.ActiveCfg = Release|Any CPU
		{577B9B4B-BB31-46EA-AE73-E7E34AAAF16A}.33|Any CPU.Build.0 = Release|Any CPU
		{577B9B4B-BB31-46EA-AE73-E7E34AAAF16A}.CD_ROM|Any CPU.ActiveCfg = Debug|Any CPU
		{577B9B4B-BB31-46EA-AE73-E7E34AAAF16A}.CD_ROM|Any CPU.Build.0 = Debug|Any CPU
		{577B9B4B-BB31-46EA-AE73-E7E34AAAF16A}.Debug|Any CPU.ActiveCfg = Debug|Any CPU
		{577B9B4B-BB31-46EA-AE73-E7E34AAAF16A}.Debug|Any CPU.Build.0 = Debug|Any CPU
		{577B9B4B-BB31-46EA-AE73-E7E34AAAF16A}.DVD-5|Any CPU.ActiveCfg = Debug|Any CPU
		{577B9B4B-BB31-46EA-AE73-E7E34AAAF16A}.DVD-5|Any CPU.Build.0 = Debug|Any CPU
		{577B9B4B-BB31-46EA-AE73-E7E34AAAF16A}.Release|Any CPU.ActiveCfg = Release|Any CPU
		{577B9B4B-BB31-46EA-AE73-E7E34AAAF16A}.Release|Any CPU.Build.0 = Release|Any CPU
		{577B9B4B-BB31-46EA-AE73-E7E34AAAF16A}.SingleImage|Any CPU.ActiveCfg = Debug|Any CPU
		{577B9B4B-BB31-46EA-AE73-E7E34AAAF16A}.SingleImage|Any CPU.Build.0 = Debug|Any CPU
		{E281D457-F259-4F0B-8608-16C81D8AE97B}.33|Any CPU.ActiveCfg = Release|Any CPU
		{E281D457-F259-4F0B-8608-16C81D8AE97B}.33|Any CPU.Build.0 = Release|Any CPU
		{E281D457-F259-4F0B-8608-16C81D8AE97B}.CD_ROM|Any CPU.ActiveCfg = Debug|Any CPU
		{E281D457-F259-4F0B-8608-16C81D8AE97B}.CD_ROM|Any CPU.Build.0 = Debug|Any CPU
		{E281D457-F259-4F0B-8608-16C81D8AE97B}.Debug|Any CPU.ActiveCfg = Debug|Any CPU
		{E281D457-F259-4F0B-8608-16C81D8AE97B}.Debug|Any CPU.Build.0 = Debug|Any CPU
		{E281D457-F259-4F0B-8608-16C81D8AE97B}.DVD-5|Any CPU.ActiveCfg = Debug|Any CPU
		{E281D457-F259-4F0B-8608-16C81D8AE97B}.DVD-5|Any CPU.Build.0 = Debug|Any CPU
		{E281D457-F259-4F0B-8608-16C81D8AE97B}.Release|Any CPU.ActiveCfg = Release|Any CPU
		{E281D457-F259-4F0B-8608-16C81D8AE97B}.Release|Any CPU.Build.0 = Release|Any CPU
		{E281D457-F259-4F0B-8608-16C81D8AE97B}.SingleImage|Any CPU.ActiveCfg = Debug|Any CPU
		{E281D457-F259-4F0B-8608-16C81D8AE97B}.SingleImage|Any CPU.Build.0 = Debug|Any CPU
		{0F469D80-3BFE-4745-9434-9FBB04DD8D8B}.33|Any CPU.ActiveCfg = Release|Any CPU
		{0F469D80-3BFE-4745-9434-9FBB04DD8D8B}.33|Any CPU.Build.0 = Release|Any CPU
		{0F469D80-3BFE-4745-9434-9FBB04DD8D8B}.CD_ROM|Any CPU.ActiveCfg = Debug|Any CPU
		{0F469D80-3BFE-4745-9434-9FBB04DD8D8B}.CD_ROM|Any CPU.Build.0 = Debug|Any CPU
		{0F469D80-3BFE-4745-9434-9FBB04DD8D8B}.Debug|Any CPU.ActiveCfg = Debug|Any CPU
		{0F469D80-3BFE-4745-9434-9FBB04DD8D8B}.Debug|Any CPU.Build.0 = Debug|Any CPU
		{0F469D80-3BFE-4745-9434-9FBB04DD8D8B}.DVD-5|Any CPU.ActiveCfg = Debug|Any CPU
		{0F469D80-3BFE-4745-9434-9FBB04DD8D8B}.DVD-5|Any CPU.Build.0 = Debug|Any CPU
		{0F469D80-3BFE-4745-9434-9FBB04DD8D8B}.Release|Any CPU.ActiveCfg = Release|Any CPU
		{0F469D80-3BFE-4745-9434-9FBB04DD8D8B}.Release|Any CPU.Build.0 = Release|Any CPU
		{0F469D80-3BFE-4745-9434-9FBB04DD8D8B}.SingleImage|Any CPU.ActiveCfg = Debug|Any CPU
		{0F469D80-3BFE-4745-9434-9FBB04DD8D8B}.SingleImage|Any CPU.Build.0 = Debug|Any CPU
		{5CA3B7CE-43DB-4D31-AEED-17E316D00F2C}.33|Any CPU.ActiveCfg = Debug|Any CPU
		{5CA3B7CE-43DB-4D31-AEED-17E316D00F2C}.33|Any CPU.Build.0 = Debug|Any CPU
		{5CA3B7CE-43DB-4D31-AEED-17E316D00F2C}.CD_ROM|Any CPU.ActiveCfg = Debug|Any CPU
		{5CA3B7CE-43DB-4D31-AEED-17E316D00F2C}.CD_ROM|Any CPU.Build.0 = Debug|Any CPU
		{5CA3B7CE-43DB-4D31-AEED-17E316D00F2C}.Debug|Any CPU.ActiveCfg = Debug|Any CPU
		{5CA3B7CE-43DB-4D31-AEED-17E316D00F2C}.Debug|Any CPU.Build.0 = Debug|Any CPU
		{5CA3B7CE-43DB-4D31-AEED-17E316D00F2C}.DVD-5|Any CPU.ActiveCfg = Debug|Any CPU
		{5CA3B7CE-43DB-4D31-AEED-17E316D00F2C}.DVD-5|Any CPU.Build.0 = Debug|Any CPU
		{5CA3B7CE-43DB-4D31-AEED-17E316D00F2C}.Release|Any CPU.ActiveCfg = Debug|Any CPU
		{5CA3B7CE-43DB-4D31-AEED-17E316D00F2C}.Release|Any CPU.Build.0 = Debug|Any CPU
		{5CA3B7CE-43DB-4D31-AEED-17E316D00F2C}.SingleImage|Any CPU.ActiveCfg = Debug|Any CPU
		{5CA3B7CE-43DB-4D31-AEED-17E316D00F2C}.SingleImage|Any CPU.Build.0 = Debug|Any CPU
		{BC6F0EF0-6F54-4368-99EE-3275FFF73AD4}.33|Any CPU.ActiveCfg = Debug|Any CPU
		{BC6F0EF0-6F54-4368-99EE-3275FFF73AD4}.33|Any CPU.Build.0 = Debug|Any CPU
		{BC6F0EF0-6F54-4368-99EE-3275FFF73AD4}.CD_ROM|Any CPU.ActiveCfg = Debug|Any CPU
		{BC6F0EF0-6F54-4368-99EE-3275FFF73AD4}.CD_ROM|Any CPU.Build.0 = Debug|Any CPU
		{BC6F0EF0-6F54-4368-99EE-3275FFF73AD4}.Debug|Any CPU.ActiveCfg = Debug|Any CPU
		{BC6F0EF0-6F54-4368-99EE-3275FFF73AD4}.Debug|Any CPU.Build.0 = Debug|Any CPU
		{BC6F0EF0-6F54-4368-99EE-3275FFF73AD4}.DVD-5|Any CPU.ActiveCfg = Debug|Any CPU
		{BC6F0EF0-6F54-4368-99EE-3275FFF73AD4}.DVD-5|Any CPU.Build.0 = Debug|Any CPU
		{BC6F0EF0-6F54-4368-99EE-3275FFF73AD4}.Release|Any CPU.ActiveCfg = Debug|Any CPU
		{BC6F0EF0-6F54-4368-99EE-3275FFF73AD4}.Release|Any CPU.Build.0 = Debug|Any CPU
		{BC6F0EF0-6F54-4368-99EE-3275FFF73AD4}.SingleImage|Any CPU.ActiveCfg = Debug|Any CPU
		{BC6F0EF0-6F54-4368-99EE-3275FFF73AD4}.SingleImage|Any CPU.Build.0 = Debug|Any CPU
		{443A874B-F9E2-4CB0-8843-88F3DDD03140}.33|Any CPU.ActiveCfg = Release|Any CPU
		{443A874B-F9E2-4CB0-8843-88F3DDD03140}.33|Any CPU.Build.0 = Release|Any CPU
		{443A874B-F9E2-4CB0-8843-88F3DDD03140}.CD_ROM|Any CPU.ActiveCfg = Debug|Any CPU
		{443A874B-F9E2-4CB0-8843-88F3DDD03140}.CD_ROM|Any CPU.Build.0 = Debug|Any CPU
		{443A874B-F9E2-4CB0-8843-88F3DDD03140}.Debug|Any CPU.ActiveCfg = Debug|Any CPU
		{443A874B-F9E2-4CB0-8843-88F3DDD03140}.Debug|Any CPU.Build.0 = Debug|Any CPU
		{443A874B-F9E2-4CB0-8843-88F3DDD03140}.DVD-5|Any CPU.ActiveCfg = Debug|Any CPU
		{443A874B-F9E2-4CB0-8843-88F3DDD03140}.DVD-5|Any CPU.Build.0 = Debug|Any CPU
		{443A874B-F9E2-4CB0-8843-88F3DDD03140}.Release|Any CPU.ActiveCfg = Release|Any CPU
		{443A874B-F9E2-4CB0-8843-88F3DDD03140}.Release|Any CPU.Build.0 = Release|Any CPU
		{443A874B-F9E2-4CB0-8843-88F3DDD03140}.SingleImage|Any CPU.ActiveCfg = Debug|Any CPU
		{443A874B-F9E2-4CB0-8843-88F3DDD03140}.SingleImage|Any CPU.Build.0 = Debug|Any CPU
		{CE8A0220-393B-4F29-BE8D-594A1D330605}.33|Any CPU.ActiveCfg = SingleImage
		{CE8A0220-393B-4F29-BE8D-594A1D330605}.33|Any CPU.Build.0 = SingleImage
		{CE8A0220-393B-4F29-BE8D-594A1D330605}.CD_ROM|Any CPU.ActiveCfg = CD_ROM
		{CE8A0220-393B-4F29-BE8D-594A1D330605}.CD_ROM|Any CPU.Build.0 = CD_ROM
		{CE8A0220-393B-4F29-BE8D-594A1D330605}.Debug|Any CPU.ActiveCfg = DVD-5
		{CE8A0220-393B-4F29-BE8D-594A1D330605}.DVD-5|Any CPU.ActiveCfg = DVD-5
		{CE8A0220-393B-4F29-BE8D-594A1D330605}.DVD-5|Any CPU.Build.0 = DVD-5
		{CE8A0220-393B-4F29-BE8D-594A1D330605}.Release|Any CPU.ActiveCfg = SingleImage
		{CE8A0220-393B-4F29-BE8D-594A1D330605}.Release|Any CPU.Build.0 = SingleImage
		{CE8A0220-393B-4F29-BE8D-594A1D330605}.SingleImage|Any CPU.ActiveCfg = SingleImage
		{CE8A0220-393B-4F29-BE8D-594A1D330605}.SingleImage|Any CPU.Build.0 = SingleImage
		{D1B60FC4-CEAA-48B1-9E30-DCBD35DCB09D}.33|Any CPU.ActiveCfg = Release|Any CPU
		{D1B60FC4-CEAA-48B1-9E30-DCBD35DCB09D}.33|Any CPU.Build.0 = Release|Any CPU
		{D1B60FC4-CEAA-48B1-9E30-DCBD35DCB09D}.CD_ROM|Any CPU.ActiveCfg = Release|Any CPU
		{D1B60FC4-CEAA-48B1-9E30-DCBD35DCB09D}.CD_ROM|Any CPU.Build.0 = Release|Any CPU
		{D1B60FC4-CEAA-48B1-9E30-DCBD35DCB09D}.Debug|Any CPU.ActiveCfg = Debug|Any CPU
		{D1B60FC4-CEAA-48B1-9E30-DCBD35DCB09D}.Debug|Any CPU.Build.0 = Debug|Any CPU
		{D1B60FC4-CEAA-48B1-9E30-DCBD35DCB09D}.DVD-5|Any CPU.ActiveCfg = Debug|Any CPU
		{D1B60FC4-CEAA-48B1-9E30-DCBD35DCB09D}.DVD-5|Any CPU.Build.0 = Debug|Any CPU
		{D1B60FC4-CEAA-48B1-9E30-DCBD35DCB09D}.Release|Any CPU.ActiveCfg = Release|Any CPU
		{D1B60FC4-CEAA-48B1-9E30-DCBD35DCB09D}.Release|Any CPU.Build.0 = Release|Any CPU
		{D1B60FC4-CEAA-48B1-9E30-DCBD35DCB09D}.SingleImage|Any CPU.ActiveCfg = Release|Any CPU
		{D1B60FC4-CEAA-48B1-9E30-DCBD35DCB09D}.SingleImage|Any CPU.Build.0 = Release|Any CPU
		{0E9A3A2A-49CD-4F6C-847C-DC79B4B65CE6}.33|Any CPU.ActiveCfg = Release|Any CPU
		{0E9A3A2A-49CD-4F6C-847C-DC79B4B65CE6}.33|Any CPU.Build.0 = Release|Any CPU
		{0E9A3A2A-49CD-4F6C-847C-DC79B4B65CE6}.CD_ROM|Any CPU.ActiveCfg = Release|Any CPU
		{0E9A3A2A-49CD-4F6C-847C-DC79B4B65CE6}.CD_ROM|Any CPU.Build.0 = Release|Any CPU
		{0E9A3A2A-49CD-4F6C-847C-DC79B4B65CE6}.Debug|Any CPU.ActiveCfg = Debug|Any CPU
		{0E9A3A2A-49CD-4F6C-847C-DC79B4B65CE6}.Debug|Any CPU.Build.0 = Debug|Any CPU
		{0E9A3A2A-49CD-4F6C-847C-DC79B4B65CE6}.DVD-5|Any CPU.ActiveCfg = Debug|Any CPU
		{0E9A3A2A-49CD-4F6C-847C-DC79B4B65CE6}.DVD-5|Any CPU.Build.0 = Debug|Any CPU
		{0E9A3A2A-49CD-4F6C-847C-DC79B4B65CE6}.Release|Any CPU.ActiveCfg = Release|Any CPU
		{0E9A3A2A-49CD-4F6C-847C-DC79B4B65CE6}.Release|Any CPU.Build.0 = Release|Any CPU
		{0E9A3A2A-49CD-4F6C-847C-DC79B4B65CE6}.SingleImage|Any CPU.ActiveCfg = Release|Any CPU
		{0E9A3A2A-49CD-4F6C-847C-DC79B4B65CE6}.SingleImage|Any CPU.Build.0 = Release|Any CPU
		{AE5166CD-76B0-4911-BD80-CED9521F37A1}.33|Any CPU.ActiveCfg = Release|Any CPU
		{AE5166CD-76B0-4911-BD80-CED9521F37A1}.33|Any CPU.Build.0 = Release|Any CPU
		{AE5166CD-76B0-4911-BD80-CED9521F37A1}.CD_ROM|Any CPU.ActiveCfg = Release|Any CPU
		{AE5166CD-76B0-4911-BD80-CED9521F37A1}.CD_ROM|Any CPU.Build.0 = Release|Any CPU
		{AE5166CD-76B0-4911-BD80-CED9521F37A1}.Debug|Any CPU.ActiveCfg = Debug|Any CPU
		{AE5166CD-76B0-4911-BD80-CED9521F37A1}.Debug|Any CPU.Build.0 = Debug|Any CPU
		{AE5166CD-76B0-4911-BD80-CED9521F37A1}.DVD-5|Any CPU.ActiveCfg = Debug|Any CPU
		{AE5166CD-76B0-4911-BD80-CED9521F37A1}.DVD-5|Any CPU.Build.0 = Debug|Any CPU
		{AE5166CD-76B0-4911-BD80-CED9521F37A1}.Release|Any CPU.ActiveCfg = Release|Any CPU
		{AE5166CD-76B0-4911-BD80-CED9521F37A1}.Release|Any CPU.Build.0 = Release|Any CPU
		{AE5166CD-76B0-4911-BD80-CED9521F37A1}.SingleImage|Any CPU.ActiveCfg = Release|Any CPU
		{AE5166CD-76B0-4911-BD80-CED9521F37A1}.SingleImage|Any CPU.Build.0 = Release|Any CPU
		{DA56482A-5D8F-41E0-85E6-1F22B310F91B}.33|Any CPU.ActiveCfg = Release|Any CPU
		{DA56482A-5D8F-41E0-85E6-1F22B310F91B}.33|Any CPU.Build.0 = Release|Any CPU
		{DA56482A-5D8F-41E0-85E6-1F22B310F91B}.CD_ROM|Any CPU.ActiveCfg = Release|Any CPU
		{DA56482A-5D8F-41E0-85E6-1F22B310F91B}.CD_ROM|Any CPU.Build.0 = Release|Any CPU
		{DA56482A-5D8F-41E0-85E6-1F22B310F91B}.Debug|Any CPU.ActiveCfg = Debug|Any CPU
		{DA56482A-5D8F-41E0-85E6-1F22B310F91B}.Debug|Any CPU.Build.0 = Debug|Any CPU
		{DA56482A-5D8F-41E0-85E6-1F22B310F91B}.DVD-5|Any CPU.ActiveCfg = Debug|Any CPU
		{DA56482A-5D8F-41E0-85E6-1F22B310F91B}.DVD-5|Any CPU.Build.0 = Debug|Any CPU
		{DA56482A-5D8F-41E0-85E6-1F22B310F91B}.Release|Any CPU.ActiveCfg = Release|Any CPU
		{DA56482A-5D8F-41E0-85E6-1F22B310F91B}.Release|Any CPU.Build.0 = Release|Any CPU
		{DA56482A-5D8F-41E0-85E6-1F22B310F91B}.SingleImage|Any CPU.ActiveCfg = Release|Any CPU
		{DA56482A-5D8F-41E0-85E6-1F22B310F91B}.SingleImage|Any CPU.Build.0 = Release|Any CPU
	EndGlobalSection
	GlobalSection(SolutionProperties) = preSolution
		HideSolutionNode = FALSE
	EndGlobalSection
	GlobalSection(NestedProjects) = preSolution
		{FF735421-C80C-4623-BA36-4EC1BCC5ACF8} = {303FF7C9-8C33-4599-8EE8-1AC2120FAE0B}
		{F2AB7F8C-CEA9-4196-B283-19BCD5E81B57} = {303FF7C9-8C33-4599-8EE8-1AC2120FAE0B}
		{EC06AE7D-9D14-410E-8A15-0ED8EC4112CE} = {303FF7C9-8C33-4599-8EE8-1AC2120FAE0B}
		{E281D457-F259-4F0B-8608-16C81D8AE97B} = {303FF7C9-8C33-4599-8EE8-1AC2120FAE0B}
		{BC6F0EF0-6F54-4368-99EE-3275FFF73AD4} = {303FF7C9-8C33-4599-8EE8-1AC2120FAE0B}
		{443A874B-F9E2-4CB0-8843-88F3DDD03140} = {303FF7C9-8C33-4599-8EE8-1AC2120FAE0B}
		{0E9A3A2A-49CD-4F6C-847C-DC79B4B65CE6} = {303FF7C9-8C33-4599-8EE8-1AC2120FAE0B}
		{AE5166CD-76B0-4911-BD80-CED9521F37A1} = {303FF7C9-8C33-4599-8EE8-1AC2120FAE0B}
		{DA56482A-5D8F-41E0-85E6-1F22B310F91B} = {303FF7C9-8C33-4599-8EE8-1AC2120FAE0B}
	EndGlobalSection
EndGlobal
